// !$*UTF8*$!
{
	archiveVersion = 1;
	classes = {
	};
	objectVersion = 46;
	objects = {

/* Begin PBXBuildFile section */
		45A78A6C1F191C6300B9A5EB /* AppDelegate.swift in Sources */ = {isa = PBXBuildFile; fileRef = 45A78A6B1F191C6300B9A5EB /* AppDelegate.swift */; };
		45A78A6E1F191C6300B9A5EB /* ViewController.swift in Sources */ = {isa = PBXBuildFile; fileRef = 45A78A6D1F191C6300B9A5EB /* ViewController.swift */; };
		45A78A711F191C6300B9A5EB /* Main.storyboard in Resources */ = {isa = PBXBuildFile; fileRef = 45A78A6F1F191C6300B9A5EB /* Main.storyboard */; };
		45A78A741F191C6300B9A5EB /* TouchID_23ilab.xcdatamodeld in Sources */ = {isa = PBXBuildFile; fileRef = 45A78A721F191C6300B9A5EB /* TouchID_23ilab.xcdatamodeld */; };
		45A78A761F191C6300B9A5EB /* Assets.xcassets in Resources */ = {isa = PBXBuildFile; fileRef = 45A78A751F191C6300B9A5EB /* Assets.xcassets */; };
		45A78A791F191C6300B9A5EB /* LaunchScreen.storyboard in Resources */ = {isa = PBXBuildFile; fileRef = 45A78A771F191C6300B9A5EB /* LaunchScreen.storyboard */; };
		45A78A841F19685C00B9A5EB /* LocalAuthentication.framework in Frameworks */ = {isa = PBXBuildFile; fileRef = 45A78A831F19685C00B9A5EB /* LocalAuthentication.framework */; };
		45A78A871F1A44E100B9A5EB /* MapKitViewController.swift in Sources */ = {isa = PBXBuildFile; fileRef = 45A78A861F1A44E100B9A5EB /* MapKitViewController.swift */; };
/* End PBXBuildFile section */

/* Begin PBXFileReference section */
		45A78A681F191C6300B9A5EB /* TouchID_23ilab.app */ = {isa = PBXFileReference; explicitFileType = wrapper.application; includeInIndex = 0; path = TouchID_23ilab.app; sourceTree = BUILT_PRODUCTS_DIR; };
		45A78A6B1F191C6300B9A5EB /* AppDelegate.swift */ = {isa = PBXFileReference; lastKnownFileType = sourcecode.swift; path = AppDelegate.swift; sourceTree = "<group>"; };
		45A78A6D1F191C6300B9A5EB /* ViewController.swift */ = {isa = PBXFileReference; lastKnownFileType = sourcecode.swift; path = ViewController.swift; sourceTree = "<group>"; };
		45A78A701F191C6300B9A5EB /* Base */ = {isa = PBXFileReference; lastKnownFileType = file.storyboard; name = Base; path = Base.lproj/Main.storyboard; sourceTree = "<group>"; };
		45A78A731F191C6300B9A5EB /* TouchID_23ilab.xcdatamodel */ = {isa = PBXFileReference; lastKnownFileType = wrapper.xcdatamodel; path = TouchID_23ilab.xcdatamodel; sourceTree = "<group>"; };
		45A78A751F191C6300B9A5EB /* Assets.xcassets */ = {isa = PBXFileReference; lastKnownFileType = folder.assetcatalog; path = Assets.xcassets; sourceTree = "<group>"; };
		45A78A781F191C6300B9A5EB /* Base */ = {isa = PBXFileReference; lastKnownFileType = file.storyboard; name = Base; path = Base.lproj/LaunchScreen.storyboard; sourceTree = "<group>"; };
		45A78A7A1F191C6300B9A5EB /* Info.plist */ = {isa = PBXFileReference; lastKnownFileType = text.plist.xml; path = Info.plist; sourceTree = "<group>"; };
		45A78A831F19685C00B9A5EB /* LocalAuthentication.framework */ = {isa = PBXFileReference; lastKnownFileType = wrapper.framework; name = LocalAuthentication.framework; path = System/Library/Frameworks/LocalAuthentication.framework; sourceTree = SDKROOT; };
		45A78A861F1A44E100B9A5EB /* MapKitViewController.swift */ = {isa = PBXFileReference; fileEncoding = 4; lastKnownFileType = sourcecode.swift; path = MapKitViewController.swift; sourceTree = "<group>"; };
/* End PBXFileReference section */

/* Begin PBXFrameworksBuildPhase section */
		45A78A651F191C6300B9A5EB /* Frameworks */ = {
			isa = PBXFrameworksBuildPhase;
			buildActionMask = 2147483647;
			files = (
				45A78A841F19685C00B9A5EB /* LocalAuthentication.framework in Frameworks */,
			);
			runOnlyForDeploymentPostprocessing = 0;
		};
/* End PBXFrameworksBuildPhase section */

/* Begin PBXGroup section */
		45A78A5F1F191C6200B9A5EB = {
			isa = PBXGroup;
			children = (
				45A78A6A1F191C6300B9A5EB /* TouchID_23ilab */,
				45A78A691F191C6300B9A5EB /* Products */,
				45A78A821F19685C00B9A5EB /* Frameworks */,
			);
			sourceTree = "<group>";
		};
		45A78A691F191C6300B9A5EB /* Products */ = {
			isa = PBXGroup;
			children = (
				45A78A681F191C6300B9A5EB /* TouchID_23ilab.app */,
			);
			name = Products;
			sourceTree = "<group>";
		};
		45A78A6A1F191C6300B9A5EB /* TouchID_23ilab */ = {
			isa = PBXGroup;
			children = (
				45A78A851F1A44BF00B9A5EB /* MapKitScreen */,
				45A78A811F191E6A00B9A5EB /* TouchScreen */,
				45A78A6F1F191C6300B9A5EB /* Main.storyboard */,
				45A78A801F191E4E00B9A5EB /* Resource */,
			);
			path = TouchID_23ilab;
			sourceTree = "<group>";
		};
		45A78A801F191E4E00B9A5EB /* Resource */ = {
			isa = PBXGroup;
			children = (
				45A78A6B1F191C6300B9A5EB /* AppDelegate.swift */,
				45A78A751F191C6300B9A5EB /* Assets.xcassets */,
				45A78A771F191C6300B9A5EB /* LaunchScreen.storyboard */,
				45A78A7A1F191C6300B9A5EB /* Info.plist */,
				45A78A721F191C6300B9A5EB /* TouchID_23ilab.xcdatamodeld */,
			);
			name = Resource;
			sourceTree = "<group>";
		};
		45A78A811F191E6A00B9A5EB /* TouchScreen */ = {
			isa = PBXGroup;
			children = (
				45A78A6D1F191C6300B9A5EB /* ViewController.swift */,
			);
			name = TouchScreen;
			sourceTree = "<group>";
		};
		45A78A821F19685C00B9A5EB /* Frameworks */ = {
			isa = PBXGroup;
			children = (
				45A78A831F19685C00B9A5EB /* LocalAuthentication.framework */,
			);
			name = Frameworks;
			sourceTree = "<group>";
		};
		45A78A851F1A44BF00B9A5EB /* MapKitScreen */ = {
			isa = PBXGroup;
			children = (
				45A78A861F1A44E100B9A5EB /* MapKitViewController.swift */,
			);
			name = MapKitScreen;
			sourceTree = "<group>";
		};
/* End PBXGroup section */

/* Begin PBXNativeTarget section */
		45A78A671F191C6300B9A5EB /* TouchID_23ilab */ = {
			isa = PBXNativeTarget;
			buildConfigurationList = 45A78A7D1F191C6300B9A5EB /* Build configuration list for PBXNativeTarget "TouchID_23ilab" */;
			buildPhases = (
				45A78A641F191C6300B9A5EB /* Sources */,
				45A78A651F191C6300B9A5EB /* Frameworks */,
				45A78A661F191C6300B9A5EB /* Resources */,
			);
			buildRules = (
			);
			dependencies = (
			);
			name = TouchID_23ilab;
			productName = TouchID_23ilab;
			productReference = 45A78A681F191C6300B9A5EB /* TouchID_23ilab.app */;
			productType = "com.apple.product-type.application";
		};
/* End PBXNativeTarget section */

/* Begin PBXProject section */
		45A78A601F191C6200B9A5EB /* Project object */ = {
			isa = PBXProject;
			attributes = {
				LastSwiftUpdateCheck = 0830;
				LastUpgradeCheck = 0830;
				ORGANIZATIONNAME = "Bruno Augusto Mendes Barreto Alves";
				TargetAttributes = {
					45A78A671F191C6300B9A5EB = {
						CreatedOnToolsVersion = 8.3.3;
						DevelopmentTeam = R34U94DD3F;
						ProvisioningStyle = Automatic;
					};
				};
			};
			buildConfigurationList = 45A78A631F191C6200B9A5EB /* Build configuration list for PBXProject "TouchID_23ilab" */;
			compatibilityVersion = "Xcode 3.2";
			developmentRegion = English;
			hasScannedForEncodings = 0;
			knownRegions = (
				en,
				Base,
			);
			mainGroup = 45A78A5F1F191C6200B9A5EB;
			productRefGroup = 45A78A691F191C6300B9A5EB /* Products */;
			projectDirPath = "";
			projectRoot = "";
			targets = (
				45A78A671F191C6300B9A5EB /* TouchID_23ilab */,
			);
		};
/* End PBXProject section */

/* Begin PBXResourcesBuildPhase section */
		45A78A661F191C6300B9A5EB /* Resources */ = {
			isa = PBXResourcesBuildPhase;
			buildActionMask = 2147483647;
			files = (
				45A78A791F191C6300B9A5EB /* LaunchScreen.storyboard in Resources */,
				45A78A761F191C6300B9A5EB /* Assets.xcassets in Resources */,
				45A78A711F191C6300B9A5EB /* Main.storyboard in Resources */,
			);
			runOnlyForDeploymentPostprocessing = 0;
		};
/* End PBXResourcesBuildPhase section */

/* Begin PBXSourcesBuildPhase section */
		45A78A641F191C6300B9A5EB /* Sources */ = {
			isa = PBXSourcesBuildPhase;
			buildActionMask = 2147483647;
			files = (
				45A78A6E1F191C6300B9A5EB /* ViewController.swift in Sources */,
				45A78A6C1F191C6300B9A5EB /* AppDelegate.swift in Sources */,
				45A78A871F1A44E100B9A5EB /* MapKitViewController.swift in Sources */,
				45A78A741F191C6300B9A5EB /* TouchID_23ilab.xcdatamodeld in Sources */,
			);
			runOnlyForDeploymentPostprocessing = 0;
		};
/* End PBXSourcesBuildPhase section */

/* Begin PBXVariantGroup section */
		45A78A6F1F191C6300B9A5EB /* Main.storyboard */ = {
			isa = PBXVariantGroup;
			children = (
				45A78A701F191C6300B9A5EB /* Base */,
			);
			name = Main.storyboard;
			sourceTree = "<group>";
		};
		45A78A771F191C6300B9A5EB /* LaunchScreen.storyboard */ = {
			isa = PBXVariantGroup;
			children = (
				45A78A781F191C6300B9A5EB /* Base */,
			);
			name = LaunchScreen.storyboard;
			sourceTree = "<group>";
		};
/* End PBXVariantGroup section */

/* Begin XCBuildConfiguration section */
		45A78A7B1F191C6300B9A5EB /* Debug */ = {
			isa = XCBuildConfiguration;
			buildSettings = {
				ALWAYS_SEARCH_USER_PATHS = NO;
				CLANG_ANALYZER_NONNULL = YES;
				CLANG_ANALYZER_NUMBER_OBJECT_CONVERSION = YES_AGGRESSIVE;
				CLANG_CXX_LANGUAGE_STANDARD = "gnu++0x";
				CLANG_CXX_LIBRARY = "libc++";
				CLANG_ENABLE_MODULES = YES;
				CLANG_ENABLE_OBJC_ARC = YES;
				CLANG_WARN_BOOL_CONVERSION = YES;
				CLANG_WARN_CONSTANT_CONVERSION = YES;
				CLANG_WARN_DIRECT_OBJC_ISA_USAGE = YES_ERROR;
				CLANG_WARN_DOCUMENTATION_COMMENTS = YES;
				CLANG_WARN_EMPTY_BODY = YES;
				CLANG_WARN_ENUM_CONVERSION = YES;
				CLANG_WARN_INFINITE_RECURSION = YES;
				CLANG_WARN_INT_CONVERSION = YES;
				CLANG_WARN_OBJC_ROOT_CLASS = YES_ERROR;
				CLANG_WARN_SUSPICIOUS_MOVE = YES;
				CLANG_WARN_UNREACHABLE_CODE = YES;
				CLANG_WARN__DUPLICATE_METHOD_MATCH = YES;
				"CODE_SIGN_IDENTITY[sdk=iphoneos*]" = "iPhone Developer";
				COPY_PHASE_STRIP = NO;
				DEBUG_INFORMATION_FORMAT = dwarf;
				ENABLE_STRICT_OBJC_MSGSEND = YES;
				ENABLE_TESTABILITY = YES;
				GCC_C_LANGUAGE_STANDARD = gnu99;
				GCC_DYNAMIC_NO_PIC = NO;
				GCC_NO_COMMON_BLOCKS = YES;
				GCC_OPTIMIZATION_LEVEL = 0;
				GCC_PREPROCESSOR_DEFINITIONS = (
					"DEBUG=1",
					"$(inherited)",
				);
				GCC_WARN_64_TO_32_BIT_CONVERSION = YES;
				GCC_WARN_ABOUT_RETURN_TYPE = YES_ERROR;
				GCC_WARN_UNDECLARED_SELECTOR = YES;
				GCC_WARN_UNINITIALIZED_AUTOS = YES_AGGRESSIVE;
				GCC_WARN_UNUSED_FUNCTION = YES;
				GCC_WARN_UNUSED_VARIABLE = YES;
				IPHONEOS_DEPLOYMENT_TARGET = 10.3;
				MTL_ENABLE_DEBUG_INFO = YES;
				ONLY_ACTIVE_ARCH = YES;
				SDKROOT = iphoneos;
				SWIFT_ACTIVE_COMPILATION_CONDITIONS = DEBUG;
				SWIFT_OPTIMIZATION_LEVEL = "-Onone";
				TARGETED_DEVICE_FAMILY = "1,2";
			};
			name = Debug;
		};
		45A78A7C1F191C6300B9A5EB /* Release */ = {
			isa = XCBuildConfiguration;
			buildSettings = {
				ALWAYS_SEARCH_USER_PATHS = NO;
				CLANG_ANALYZER_NONNULL = YES;
				CLANG_ANALYZER_NUMBER_OBJECT_CONVERSION = YES_AGGRESSIVE;
				CLANG_CXX_LANGUAGE_STANDARD = "gnu++0x";
				CLANG_CXX_LIBRARY = "libc++";
				CLANG_ENABLE_MODULES = YES;
				CLANG_ENABLE_OBJC_ARC = YES;
				CLANG_WARN_BOOL_CONVERSION = YES;
				CLANG_WARN_CONSTANT_CONVERSION = YES;
				CLANG_WARN_DIRECT_OBJC_ISA_USAGE = YES_ERROR;
				CLANG_WARN_DOCUMENTATION_COMMENTS = YES;
				CLANG_WARN_EMPTY_BODY = YES;
				CLANG_WARN_ENUM_CONVERSION = YES;
				CLANG_WARN_INFINITE_RECURSION = YES;
				CLANG_WARN_INT_CONVERSION = YES;
				CLANG_WARN_OBJC_ROOT_CLASS = YES_ERROR;
				CLANG_WARN_SUSPICIOUS_MOVE = YES;
				CLANG_WARN_UNREACHABLE_CODE = YES;
				CLANG_WARN__DUPLICATE_METHOD_MATCH = YES;
				"CODE_SIGN_IDENTITY[sdk=iphoneos*]" = "iPhone Developer";
				COPY_PHASE_STRIP = NO;
				DEBUG_INFORMATION_FORMAT = "dwarf-with-dsym";
				ENABLE_NS_ASSERTIONS = NO;
				ENABLE_STRICT_OBJC_MSGSEND = YES;
				GCC_C_LANGUAGE_STANDARD = gnu99;
				GCC_NO_COMMON_BLOCKS = YES;
				GCC_WARN_64_TO_32_BIT_CONVERSION = YES;
				GCC_WARN_ABOUT_RETURN_TYPE = YES_ERROR;
				GCC_WARN_UNDECLARED_SELECTOR = YES;
				GCC_WARN_UNINITIALIZED_AUTOS = YES_AGGRESSIVE;
				GCC_WARN_UNUSED_FUNCTION = YES;
				GCC_WARN_UNUSED_VARIABLE = YES;
				IPHONEOS_DEPLOYMENT_TARGET = 10.3;
				MTL_ENABLE_DEBUG_INFO = NO;
				SDKROOT = iphoneos;
				SWIFT_OPTIMIZATION_LEVEL = "-Owholemodule";
				TARGETED_DEVICE_FAMILY = "1,2";
				VALIDATE_PRODUCT = YES;
			};
			name = Release;
		};
		45A78A7E1F191C6300B9A5EB /* Debug */ = {
			isa = XCBuildConfiguration;
			buildSettings = {
				ASSETCATALOG_COMPILER_APPICON_NAME = AppIcon;
				DEVELOPMENT_TEAM = R34U94DD3F;
				INFOPLIST_FILE = TouchID_23ilab/Info.plist;
				LD_RUNPATH_SEARCH_PATHS = "$(inherited) @executable_path/Frameworks";
				PRODUCT_BUNDLE_IDENTIFIER = "com.bruno.TouchID-23ilab";
				PRODUCT_NAME = "$(TARGET_NAME)";
				SWIFT_VERSION = 3.0;
			};
			name = Debug;
		};
		45A78A7F1F191C6300B9A5EB /* Release */ = {
			isa = XCBuildConfiguration;
			buildSettings = {
				ASSETCATALOG_COMPILER_APPICON_NAME = AppIcon;
				DEVELOPMENT_TEAM = R34U94DD3F;
				INFOPLIST_FILE = TouchID_23ilab/Info.plist;
				LD_RUNPATH_SEARCH_PATHS = "$(inherited) @executable_path/Frameworks";
				PRODUCT_BUNDLE_IDENTIFIER = "com.bruno.TouchID-23ilab";
				PRODUCT_NAME = "$(TARGET_NAME)";
				SWIFT_VERSION = 3.0;
			};
			name = Release;
		};
/* End XCBuildConfiguration section */

/* Begin XCConfigurationList section */
		45A78A631F191C6200B9A5EB /* Build configuration list for PBXProject "TouchID_23ilab" */ = {
			isa = XCConfigurationList;
			buildConfigurations = (
				45A78A7B1F191C6300B9A5EB /* Debug */,
				45A78A7C1F191C6300B9A5EB /* Release */,
			);
			defaultConfigurationIsVisible = 0;
			defaultConfigurationName = Release;
		};
		45A78A7D1F191C6300B9A5EB /* Build configuration list for PBXNativeTarget "TouchID_23ilab" */ = {
			isa = XCConfigurationList;
			buildConfigurations = (
				45A78A7E1F191C6300B9A5EB /* Debug */,
				45A78A7F1F191C6300B9A5EB /* Release */,
			);
			defaultConfigurationIsVisible = 0;
		};
/* End XCConfigurationList section */

/* Begin XCVersionGroup section */
		45A78A721F191C6300B9A5EB /* TouchID_23ilab.xcdatamodeld */ = {
			isa = XCVersionGroup;
			children = (
				45A78A731F191C6300B9A5EB /* TouchID_23ilab.xcdatamodel */,
			);
			currentVersion = 45A78A731F191C6300B9A5EB /* TouchID_23ilab.xcdatamodel */;
			path = TouchID_23ilab.xcdatamodeld;
			sourceTree = "<group>";
			versionGroupType = wrapper.xcdatamodel;
		};
/* End XCVersionGroup section */
	};
	rootObject = 45A78A601F191C6200B9A5EB /* Project object */;
}
